dependencies:
- name: customer-api
  repository: https://aziz781.github.io/helmCharts/customer
  version: 0.1.0
- name: retail-api
  repository: https://aziz781.github.io/helmCharts/retail
  version: 0.1.0
digest: sha256:d6264d082b9470660067ec092a6fb66fec8e912ae3338f4c2599bf9a2e64fd81
generated: "2020-06-26T08:57:33.552866809Z"
