dependencies:
- name: customer-api
  repository: https://aziz781.github.io/helmCharts/customer
  version: 0.2.0
- name: retail-api
  repository: https://aziz781.github.io/helmCharts/retail
  version: 0.1.0
digest: sha256:4cead6b26cdbec6207063b56942ec920d63be29e9d00e80e7b80cf23326ee637
generated: "2020-06-26T22:16:26.917367345Z"
